// !$*UTF8*$!
{
	archiveVersion = 1;
	classes = {
	};
	objectVersion = 46;
	objects = {

/* Begin PBXBuildFile section */
		28CA6BC91D394EE900D5B583 /* AppDelegate.swift in Sources */ = {isa = PBXBuildFile; fileRef = 28CA6BC81D394EE900D5B583 /* AppDelegate.swift */; };
		28CA6BCB1D394EE900D5B583 /* ViewController.swift in Sources */ = {isa = PBXBuildFile; fileRef = 28CA6BCA1D394EE900D5B583 /* ViewController.swift */; };
		28CA6BCE1D394EE900D5B583 /* Main.storyboard in Resources */ = {isa = PBXBuildFile; fileRef = 28CA6BCC1D394EE900D5B583 /* Main.storyboard */; };
		28CA6BD01D394EE900D5B583 /* Assets.xcassets in Resources */ = {isa = PBXBuildFile; fileRef = 28CA6BCF1D394EE900D5B583 /* Assets.xcassets */; };
		28CA6BD31D394EE900D5B583 /* LaunchScreen.storyboard in Resources */ = {isa = PBXBuildFile; fileRef = 28CA6BD11D394EE900D5B583 /* LaunchScreen.storyboard */; };
		28CA6BDE1D394EE900D5B583 /* TapCounterTests.swift in Sources */ = {isa = PBXBuildFile; fileRef = 28CA6BDD1D394EE900D5B583 /* TapCounterTests.swift */; };
		28CA6BE91D394EE900D5B583 /* TapCounterUITests.swift in Sources */ = {isa = PBXBuildFile; fileRef = 28CA6BE81D394EE900D5B583 /* TapCounterUITests.swift */; };
		28CA6BF71D395FC000D5B583 /* UIViewExtensions.swift in Sources */ = {isa = PBXBuildFile; fileRef = 28CA6BF61D395FC000D5B583 /* UIViewExtensions.swift */; settings = {ASSET_TAGS = (); }; };
/* End PBXBuildFile section */

/* Begin PBXContainerItemProxy section */
		28CA6BDA1D394EE900D5B583 /* PBXContainerItemProxy */ = {
			isa = PBXContainerItemProxy;
			containerPortal = 28CA6BBD1D394EE900D5B583 /* Project object */;
			proxyType = 1;
			remoteGlobalIDString = 28CA6BC41D394EE900D5B583;
			remoteInfo = TapCounter;
		};
		28CA6BE51D394EE900D5B583 /* PBXContainerItemProxy */ = {
			isa = PBXContainerItemProxy;
			containerPortal = 28CA6BBD1D394EE900D5B583 /* Project object */;
			proxyType = 1;
			remoteGlobalIDString = 28CA6BC41D394EE900D5B583;
			remoteInfo = TapCounter;
		};
/* End PBXContainerItemProxy section */

/* Begin PBXFileReference section */
		28CA6BC51D394EE900D5B583 /* TapCounter.app */ = {isa = PBXFileReference; explicitFileType = wrapper.application; includeInIndex = 0; path = TapCounter.app; sourceTree = BUILT_PRODUCTS_DIR; };
		28CA6BC81D394EE900D5B583 /* AppDelegate.swift */ = {isa = PBXFileReference; lastKnownFileType = sourcecode.swift; path = AppDelegate.swift; sourceTree = "<group>"; };
		28CA6BCA1D394EE900D5B583 /* ViewController.swift */ = {isa = PBXFileReference; lastKnownFileType = sourcecode.swift; path = ViewController.swift; sourceTree = "<group>"; };
		28CA6BCD1D394EE900D5B583 /* Base */ = {isa = PBXFileReference; lastKnownFileType = file.storyboard; name = Base; path = Base.lproj/Main.storyboard; sourceTree = "<group>"; };
		28CA6BCF1D394EE900D5B583 /* Assets.xcassets */ = {isa = PBXFileReference; lastKnownFileType = folder.assetcatalog; path = Assets.xcassets; sourceTree = "<group>"; };
		28CA6BD21D394EE900D5B583 /* Base */ = {isa = PBXFileReference; lastKnownFileType = file.storyboard; name = Base; path = Base.lproj/LaunchScreen.storyboard; sourceTree = "<group>"; };
		28CA6BD41D394EE900D5B583 /* Info.plist */ = {isa = PBXFileReference; lastKnownFileType = text.plist.xml; path = Info.plist; sourceTree = "<group>"; };
		28CA6BD91D394EE900D5B583 /* TapCounterTests.xctest */ = {isa = PBXFileReference; explicitFileType = wrapper.cfbundle; includeInIndex = 0; path = TapCounterTests.xctest; sourceTree = BUILT_PRODUCTS_DIR; };
		28CA6BDD1D394EE900D5B583 /* TapCounterTests.swift */ = {isa = PBXFileReference; lastKnownFileType = sourcecode.swift; path = TapCounterTests.swift; sourceTree = "<group>"; };
		28CA6BDF1D394EE900D5B583 /* Info.plist */ = {isa = PBXFileReference; lastKnownFileType = text.plist.xml; path = Info.plist; sourceTree = "<group>"; };
		28CA6BE41D394EE900D5B583 /* TapCounterUITests.xctest */ = {isa = PBXFileReference; explicitFileType = wrapper.cfbundle; includeInIndex = 0; path = TapCounterUITests.xctest; sourceTree = BUILT_PRODUCTS_DIR; };
		28CA6BE81D394EE900D5B583 /* TapCounterUITests.swift */ = {isa = PBXFileReference; lastKnownFileType = sourcecode.swift; path = TapCounterUITests.swift; sourceTree = "<group>"; };
		28CA6BEA1D394EE900D5B583 /* Info.plist */ = {isa = PBXFileReference; lastKnownFileType = text.plist.xml; path = Info.plist; sourceTree = "<group>"; };
		28CA6BF61D395FC000D5B583 /* UIViewExtensions.swift */ = {isa = PBXFileReference; fileEncoding = 4; lastKnownFileType = sourcecode.swift; path = UIViewExtensions.swift; sourceTree = "<group>"; };
/* End PBXFileReference section */

/* Begin PBXFrameworksBuildPhase section */
		28CA6BC21D394EE900D5B583 /* Frameworks */ = {
			isa = PBXFrameworksBuildPhase;
			buildActionMask = 2147483647;
			files = (
			);
			runOnlyForDeploymentPostprocessing = 0;
		};
		28CA6BD61D394EE900D5B583 /* Frameworks */ = {
			isa = PBXFrameworksBuildPhase;
			buildActionMask = 2147483647;
			files = (
			);
			runOnlyForDeploymentPostprocessing = 0;
		};
		28CA6BE11D394EE900D5B583 /* Frameworks */ = {
			isa = PBXFrameworksBuildPhase;
			buildActionMask = 2147483647;
			files = (
			);
			runOnlyForDeploymentPostprocessing = 0;
		};
/* End PBXFrameworksBuildPhase section */

/* Begin PBXGroup section */
		28CA6BBC1D394EE900D5B583 = {
			isa = PBXGroup;
			children = (
				28CA6BC71D394EE900D5B583 /* TapCounter */,
				28CA6BDC1D394EE900D5B583 /* TapCounterTests */,
				28CA6BE71D394EE900D5B583 /* TapCounterUITests */,
				28CA6BC61D394EE900D5B583 /* Products */,
			);
			sourceTree = "<group>";
		};
		28CA6BC61D394EE900D5B583 /* Products */ = {
			isa = PBXGroup;
			children = (
				28CA6BC51D394EE900D5B583 /* TapCounter.app */,
				28CA6BD91D394EE900D5B583 /* TapCounterTests.xctest */,
				28CA6BE41D394EE900D5B583 /* TapCounterUITests.xctest */,
			);
			name = Products;
			sourceTree = "<group>";
		};
		28CA6BC71D394EE900D5B583 /* TapCounter */ = {
			isa = PBXGroup;
			children = (
				28CA6BC81D394EE900D5B583 /* AppDelegate.swift */,
				28CA6BCA1D394EE900D5B583 /* ViewController.swift */,
				28CA6BCC1D394EE900D5B583 /* Main.storyboard */,
				28CA6BCF1D394EE900D5B583 /* Assets.xcassets */,
				28CA6BD11D394EE900D5B583 /* LaunchScreen.storyboard */,
				28CA6BD41D394EE900D5B583 /* Info.plist */,
				28CA6BF61D395FC000D5B583 /* UIViewExtensions.swift */,
			);
			path = TapCounter;
			sourceTree = "<group>";
		};
		28CA6BDC1D394EE900D5B583 /* TapCounterTests */ = {
			isa = PBXGroup;
			children = (
				28CA6BDD1D394EE900D5B583 /* TapCounterTests.swift */,
				28CA6BDF1D394EE900D5B583 /* Info.plist */,
			);
			path = TapCounterTests;
			sourceTree = "<group>";
		};
		28CA6BE71D394EE900D5B583 /* TapCounterUITests */ = {
			isa = PBXGroup;
			children = (
				28CA6BE81D394EE900D5B583 /* TapCounterUITests.swift */,
				28CA6BEA1D394EE900D5B583 /* Info.plist */,
			);
			path = TapCounterUITests;
			sourceTree = "<group>";
		};
/* End PBXGroup section */

/* Begin PBXNativeTarget section */
		28CA6BC41D394EE900D5B583 /* TapCounter */ = {
			isa = PBXNativeTarget;
			buildConfigurationList = 28CA6BED1D394EE900D5B583 /* Build configuration list for PBXNativeTarget "TapCounter" */;
			buildPhases = (
				28CA6BC11D394EE900D5B583 /* Sources */,
				28CA6BC21D394EE900D5B583 /* Frameworks */,
				28CA6BC31D394EE900D5B583 /* Resources */,
			);
			buildRules = (
			);
			dependencies = (
			);
			name = TapCounter;
			productName = TapCounter;
			productReference = 28CA6BC51D394EE900D5B583 /* TapCounter.app */;
			productType = "com.apple.product-type.application";
		};
		28CA6BD81D394EE900D5B583 /* TapCounterTests */ = {
			isa = PBXNativeTarget;
			buildConfigurationList = 28CA6BF01D394EE900D5B583 /* Build configuration list for PBXNativeTarget "TapCounterTests" */;
			buildPhases = (
				28CA6BD51D394EE900D5B583 /* Sources */,
				28CA6BD61D394EE900D5B583 /* Frameworks */,
				28CA6BD71D394EE900D5B583 /* Resources */,
			);
			buildRules = (
			);
			dependencies = (
				28CA6BDB1D394EE900D5B583 /* PBXTargetDependency */,
			);
			name = TapCounterTests;
			productName = TapCounterTests;
			productReference = 28CA6BD91D394EE900D5B583 /* TapCounterTests.xctest */;
			productType = "com.apple.product-type.bundle.unit-test";
		};
		28CA6BE31D394EE900D5B583 /* TapCounterUITests */ = {
			isa = PBXNativeTarget;
			buildConfigurationList = 28CA6BF31D394EE900D5B583 /* Build configuration list for PBXNativeTarget "TapCounterUITests" */;
			buildPhases = (
				28CA6BE01D394EE900D5B583 /* Sources */,
				28CA6BE11D394EE900D5B583 /* Frameworks */,
				28CA6BE21D394EE900D5B583 /* Resources */,
			);
			buildRules = (
			);
			dependencies = (
				28CA6BE61D394EE900D5B583 /* PBXTargetDependency */,
			);
			name = TapCounterUITests;
			productName = TapCounterUITests;
			productReference = 28CA6BE41D394EE900D5B583 /* TapCounterUITests.xctest */;
			productType = "com.apple.product-type.bundle.ui-testing";
		};
/* End PBXNativeTarget section */

/* Begin PBXProject section */
		28CA6BBD1D394EE900D5B583 /* Project object */ = {
			isa = PBXProject;
			attributes = {
				LastUpgradeCheck = 0700;
				ORGANIZATIONNAME = "Kabir Shah";
				TargetAttributes = {
					28CA6BC41D394EE900D5B583 = {
						CreatedOnToolsVersion = 7.0.1;
					};
					28CA6BD81D394EE900D5B583 = {
						CreatedOnToolsVersion = 7.0.1;
						TestTargetID = 28CA6BC41D394EE900D5B583;
					};
					28CA6BE31D394EE900D5B583 = {
						CreatedOnToolsVersion = 7.0.1;
						TestTargetID = 28CA6BC41D394EE900D5B583;
					};
				};
			};
			buildConfigurationList = 28CA6BC01D394EE900D5B583 /* Build configuration list for PBXProject "TapCounter" */;
			compatibilityVersion = "Xcode 3.2";
			developmentRegion = English;
			hasScannedForEncodings = 0;
			knownRegions = (
				en,
				Base,
			);
			mainGroup = 28CA6BBC1D394EE900D5B583;
			productRefGroup = 28CA6BC61D394EE900D5B583 /* Products */;
			projectDirPath = "";
			projectRoot = "";
			targets = (
				28CA6BC41D394EE900D5B583 /* TapCounter */,
				28CA6BD81D394EE900D5B583 /* TapCounterTests */,
				28CA6BE31D394EE900D5B583 /* TapCounterUITests */,
			);
		};
/* End PBXProject section */

/* Begin PBXResourcesBuildPhase section */
		28CA6BC31D394EE900D5B583 /* Resources */ = {
			isa = PBXResourcesBuildPhase;
			buildActionMask = 2147483647;
			files = (
				28CA6BD31D394EE900D5B583 /* LaunchScreen.storyboard in Resources */,
				28CA6BD01D394EE900D5B583 /* Assets.xcassets in Resources */,
				28CA6BCE1D394EE900D5B583 /* Main.storyboard in Resources */,
			);
			runOnlyForDeploymentPostprocessing = 0;
		};
		28CA6BD71D394EE900D5B583 /* Resources */ = {
			isa = PBXResourcesBuildPhase;
			buildActionMask = 2147483647;
			files = (
			);
			runOnlyForDeploymentPostprocessing = 0;
		};
		28CA6BE21D394EE900D5B583 /* Resources */ = {
			isa = PBXResourcesBuildPhase;
			buildActionMask = 2147483647;
			files = (
			);
			runOnlyForDeploymentPostprocessing = 0;
		};
/* End PBXResourcesBuildPhase section */

/* Begin PBXSourcesBuildPhase section */
		28CA6BC11D394EE900D5B583 /* Sources */ = {
			isa = PBXSourcesBuildPhase;
			buildActionMask = 2147483647;
			files = (
				28CA6BCB1D394EE900D5B583 /* ViewController.swift in Sources */,
				28CA6BF71D395FC000D5B583 /* UIViewExtensions.swift in Sources */,
				28CA6BC91D394EE900D5B583 /* AppDelegate.swift in Sources */,
			);
			runOnlyForDeploymentPostprocessing = 0;
		};
		28CA6BD51D394EE900D5B583 /* Sources */ = {
			isa = PBXSourcesBuildPhase;
			buildActionMask = 2147483647;
			files = (
				28CA6BDE1D394EE900D5B583 /* TapCounterTests.swift in Sources */,
			);
			runOnlyForDeploymentPostprocessing = 0;
		};
		28CA6BE01D394EE900D5B583 /* Sources */ = {
			isa = PBXSourcesBuildPhase;
			buildActionMask = 2147483647;
			files = (
				28CA6BE91D394EE900D5B583 /* TapCounterUITests.swift in Sources */,
			);
			runOnlyForDeploymentPostprocessing = 0;
		};
/* End PBXSourcesBuildPhase section */

/* Begin PBXTargetDependency section */
		28CA6BDB1D394EE900D5B583 /* PBXTargetDependency */ = {
			isa = PBXTargetDependency;
			target = 28CA6BC41D394EE900D5B583 /* TapCounter */;
			targetProxy = 28CA6BDA1D394EE900D5B583 /* PBXContainerItemProxy */;
		};
		28CA6BE61D394EE900D5B583 /* PBXTargetDependency */ = {
			isa = PBXTargetDependency;
			target = 28CA6BC41D394EE900D5B583 /* TapCounter */;
			targetProxy = 28CA6BE51D394EE900D5B583 /* PBXContainerItemProxy */;
		};
/* End PBXTargetDependency section */

/* Begin PBXVariantGroup section */
		28CA6BCC1D394EE900D5B583 /* Main.storyboard */ = {
			isa = PBXVariantGroup;
			children = (
				28CA6BCD1D394EE900D5B583 /* Base */,
			);
			name = Main.storyboard;
			sourceTree = "<group>";
		};
		28CA6BD11D394EE900D5B583 /* LaunchScreen.storyboard */ = {
			isa = PBXVariantGroup;
			children = (
				28CA6BD21D394EE900D5B583 /* Base */,
			);
			name = LaunchScreen.storyboard;
			sourceTree = "<group>";
		};
/* End PBXVariantGroup section */

/* Begin XCBuildConfiguration section */
		28CA6BEB1D394EE900D5B583 /* Debug */ = {
			isa = XCBuildConfiguration;
			buildSettings = {
				ALWAYS_SEARCH_USER_PATHS = NO;
				CLANG_CXX_LANGUAGE_STANDARD = "gnu++0x";
				CLANG_CXX_LIBRARY = "libc++";
				CLANG_ENABLE_MODULES = YES;
				CLANG_ENABLE_OBJC_ARC = YES;
				CLANG_WARN_BOOL_CONVERSION = YES;
				CLANG_WARN_CONSTANT_CONVERSION = YES;
				CLANG_WARN_DIRECT_OBJC_ISA_USAGE = YES_ERROR;
				CLANG_WARN_EMPTY_BODY = YES;
				CLANG_WARN_ENUM_CONVERSION = YES;
				CLANG_WARN_INT_CONVERSION = YES;
				CLANG_WARN_OBJC_ROOT_CLASS = YES_ERROR;
				CLANG_WARN_UNREACHABLE_CODE = YES;
				CLANG_WARN__DUPLICATE_METHOD_MATCH = YES;
				"CODE_SIGN_IDENTITY[sdk=iphoneos*]" = "iPhone Developer";
				COPY_PHASE_STRIP = NO;
				DEBUG_INFORMATION_FORMAT = dwarf;
				ENABLE_STRICT_OBJC_MSGSEND = YES;
				ENABLE_TESTABILITY = YES;
				GCC_C_LANGUAGE_STANDARD = gnu99;
				GCC_DYNAMIC_NO_PIC = NO;
				GCC_NO_COMMON_BLOCKS = YES;
				GCC_OPTIMIZATION_LEVEL = 0;
				GCC_PREPROCESSOR_DEFINITIONS = (
					"DEBUG=1",
					"$(inherited)",
				);
				GCC_WARN_64_TO_32_BIT_CONVERSION = YES;
				GCC_WARN_ABOUT_RETURN_TYPE = YES_ERROR;
				GCC_WARN_UNDECLARED_SELECTOR = YES;
				GCC_WARN_UNINITIALIZED_AUTOS = YES_AGGRESSIVE;
				GCC_WARN_UNUSED_FUNCTION = YES;
				GCC_WARN_UNUSED_VARIABLE = YES;
				IPHONEOS_DEPLOYMENT_TARGET = 9.0;
				MTL_ENABLE_DEBUG_INFO = YES;
				ONLY_ACTIVE_ARCH = YES;
				SDKROOT = iphoneos;
				SWIFT_OPTIMIZATION_LEVEL = "-Onone";
				TARGETED_DEVICE_FAMILY = "1,2";
			};
			name = Debug;
		};
		28CA6BEC1D394EE900D5B583 /* Release */ = {
			isa = XCBuildConfiguration;
			buildSettings = {
				ALWAYS_SEARCH_USER_PATHS = NO;
				CLANG_CXX_LANGUAGE_STANDARD = "gnu++0x";
				CLANG_CXX_LIBRARY = "libc++";
				CLANG_ENABLE_MODULES = YES;
				CLANG_ENABLE_OBJC_ARC = YES;
				CLANG_WARN_BOOL_CONVERSION = YES;
				CLANG_WARN_CONSTANT_CONVERSION = YES;
				CLANG_WARN_DIRECT_OBJC_ISA_USAGE = YES_ERROR;
				CLANG_WARN_EMPTY_BODY = YES;
				CLANG_WARN_ENUM_CONVERSION = YES;
				CLANG_WARN_INT_CONVERSION = YES;
				CLANG_WARN_OBJC_ROOT_CLASS = YES_ERROR;
				CLANG_WARN_UNREACHABLE_CODE = YES;
				CLANG_WARN__DUPLICATE_METHOD_MATCH = YES;
				"CODE_SIGN_IDENTITY[sdk=iphoneos*]" = "iPhone Developer";
				COPY_PHASE_STRIP = NO;
				DEBUG_INFORMATION_FORMAT = "dwarf-with-dsym";
				ENABLE_NS_ASSERTIONS = NO;
				ENABLE_STRICT_OBJC_MSGSEND = YES;
				GCC_C_LANGUAGE_STANDARD = gnu99;
				GCC_NO_COMMON_BLOCKS = YES;
				GCC_WARN_64_TO_32_BIT_CONVERSION = YES;
				GCC_WARN_ABOUT_RETURN_TYPE = YES_ERROR;
				GCC_WARN_UNDECLARED_SELECTOR = YES;
				GCC_WARN_UNINITIALIZED_AUTOS = YES_AGGRESSIVE;
				GCC_WARN_UNUSED_FUNCTION = YES;
				GCC_WARN_UNUSED_VARIABLE = YES;
				IPHONEOS_DEPLOYMENT_TARGET = 9.0;
				MTL_ENABLE_DEBUG_INFO = NO;
				SDKROOT = iphoneos;
				TARGETED_DEVICE_FAMILY = "1,2";
				VALIDATE_PRODUCT = YES;
			};
			name = Release;
		};
		28CA6BEE1D394EE900D5B583 /* Debug */ = {
			isa = XCBuildConfiguration;
			buildSettings = {
				ASSETCATALOG_COMPILER_APPICON_NAME = AppIcon;
				INFOPLIST_FILE = TapCounter/Info.plist;
				LD_RUNPATH_SEARCH_PATHS = "$(inherited) @executable_path/Frameworks";
				PRODUCT_BUNDLE_IDENTIFIER = ml.kabir.TapCounter;
				PRODUCT_NAME = "$(TARGET_NAME)";
			};
			name = Debug;
		};
		28CA6BEF1D394EE900D5B583 /* Release */ = {
			isa = XCBuildConfiguration;
			buildSettings = {
				ASSETCATALOG_COMPILER_APPICON_NAME = AppIcon;
				INFOPLIST_FILE = TapCounter/Info.plist;
				LD_RUNPATH_SEARCH_PATHS = "$(inherited) @executable_path/Frameworks";
				PRODUCT_BUNDLE_IDENTIFIER = ml.kabir.TapCounter;
				PRODUCT_NAME = "$(TARGET_NAME)";
			};
			name = Release;
		};
		28CA6BF11D394EE900D5B583 /* Debug */ = {
			isa = XCBuildConfiguration;
			buildSettings = {
				BUNDLE_LOADER = "$(TEST_HOST)";
				INFOPLIST_FILE = TapCounterTests/Info.plist;
				LD_RUNPATH_SEARCH_PATHS = "$(inherited) @executable_path/Frameworks @loader_path/Frameworks";
				PRODUCT_BUNDLE_IDENTIFIER = ml.kabir.TapCounterTests;
				PRODUCT_NAME = "$(TARGET_NAME)";
				TEST_HOST = "$(BUILT_PRODUCTS_DIR)/TapCounter.app/TapCounter";
			};
			name = Debug;
		};
		28CA6BF21D394EE900D5B583 /* Release */ = {
			isa = XCBuildConfiguration;
			buildSettings = {
				BUNDLE_LOADER = "$(TEST_HOST)";
				INFOPLIST_FILE = TapCounterTests/Info.plist;
				LD_RUNPATH_SEARCH_PATHS = "$(inherited) @executable_path/Frameworks @loader_path/Frameworks";
				PRODUCT_BUNDLE_IDENTIFIER = ml.kabir.TapCounterTests;
				PRODUCT_NAME = "$(TARGET_NAME)";
				TEST_HOST = "$(BUILT_PRODUCTS_DIR)/TapCounter.app/TapCounter";
			};
			name = Release;
		};
		28CA6BF41D394EE900D5B583 /* Debug */ = {
			isa = XCBuildConfiguration;
			buildSettings = {
				INFOPLIST_FILE = TapCounterUITests/Info.plist;
				LD_RUNPATH_SEARCH_PATHS = "$(inherited) @executable_path/Frameworks @loader_path/Frameworks";
				PRODUCT_BUNDLE_IDENTIFIER = ml.kabir.TapCounterUITests;
				PRODUCT_NAME = "$(TARGET_NAME)";
				TEST_TARGET_NAME = TapCounter;
				USES_XCTRUNNER = YES;
			};
			name = Debug;
		};
		28CA6BF51D394EE900D5B583 /* Release */ = {
			isa = XCBuildConfiguration;
			buildSettings = {
				INFOPLIST_FILE = TapCounterUITests/Info.plist;
				LD_RUNPATH_SEARCH_PATHS = "$(inherited) @executable_path/Frameworks @loader_path/Frameworks";
				PRODUCT_BUNDLE_IDENTIFIER = ml.kabir.TapCounterUITests;
				PRODUCT_NAME = "$(TARGET_NAME)";
				TEST_TARGET_NAME = TapCounter;
				USES_XCTRUNNER = YES;
			};
			name = Release;
		};
/* End XCBuildConfiguration section */

/* Begin XCConfigurationList section */
		28CA6BC01D394EE900D5B583 /* Build configuration list for PBXProject "TapCounter" */ = {
			isa = XCConfigurationList;
			buildConfigurations = (
				28CA6BEB1D394EE900D5B583 /* Debug */,
				28CA6BEC1D394EE900D5B583 /* Release */,
			);
			defaultConfigurationIsVisible = 0;
			defaultConfigurationName = Release;
		};
		28CA6BED1D394EE900D5B583 /* Build configuration list for PBXNativeTarget "TapCounter" */ = {
			isa = XCConfigurationList;
			buildConfigurations = (
				28CA6BEE1D394EE900D5B583 /* Debug */,
				28CA6BEF1D394EE900D5B583 /* Release */,
			);
			defaultConfigurationIsVisible = 0;
		};
		28CA6BF01D394EE900D5B583 /* Build configuration list for PBXNativeTarget "TapCounterTests" */ = {
			isa = XCConfigurationList;
			buildConfigurations = (
				28CA6BF11D394EE900D5B583 /* Debug */,
				28CA6BF21D394EE900D5B583 /* Release */,
			);
			defaultConfigurationIsVisible = 0;
		};
		28CA6BF31D394EE900D5B583 /* Build configuration list for PBXNativeTarget "TapCounterUITests" */ = {
			isa = XCConfigurationList;
			buildConfigurations = (
				28CA6BF41D394EE900D5B583 /* Debug */,
				28CA6BF51D394EE900D5B583 /* Release */,
			);
			defaultConfigurationIsVisible = 0;
		};
/* End XCConfigurationList section */
	};
	rootObject = 28CA6BBD1D394EE900D5B583 /* Project object */;
}
